
Microsoft Visual Studio Solution File, Format Version 12.00
# Visual Studio Version 16
VisualStudioVersion = 16.0.29424.173
MinimumVisualStudioVersion = 10.0.40219.1
Project("{9A19103F-16F7-4668-BE54-9A1E7A4F7556}") = "AzureRMPlus", "AzureRMPlus.csproj", "{C8CC2059-27EB-493F-A3F4-7E0F18648F59}"
EndProject
Global
	GlobalSection(SolutionConfigurationPlatforms) = preSolution
		Debug|Any CPU = Debug|Any CPU
		Release|Any CPU = Release|Any CPU
	EndGlobalSection
	GlobalSection(ProjectConfigurationPlatforms) = postSolution
		{C8CC2059-27EB-493F-A3F4-7E0F18648F59}.Debug|Any CPU.ActiveCfg = Debug|Any CPU
		{C8CC2059-27EB-493F-A3F4-7E0F18648F59}.Debug|Any CPU.Build.0 = Debug|Any CPU
		{C8CC2059-27EB-493F-A3F4-7E0F18648F59}.Release|Any CPU.ActiveCfg = Release|Any CPU
		{C8CC2059-27EB-493F-A3F4-7E0F18648F59}.Release|Any CPU.Build.0 = Release|Any CPU
	EndGlobalSection
	GlobalSection(SolutionProperties) = preSolution
		HideSolutionNode = FALSE
	EndGlobalSection
	GlobalSection(ExtensibilityGlobals) = postSolution
		SolutionGuid = {BA80F30E-7F48-4810-A50A-03E94C4C4D06}
	EndGlobalSection
EndGlobal
